Microsoft Visual Studio Solution File, Format Version 12.00
# Visual Studio Version 17
VisualStudioVersion = 17.0.31314.256
MinimumVisualStudioVersion = 10.0.40219.1
Project("{FAE04EC0-301F-11D3-BF4B-00C04F79EFBC}") = "AutomationTool", "..\..\Program Files\Epic Games\UE_5.8\Engine\Source\Programs\AutomationTool\AutomationTool.csproj", "{6DB51DAD-3262-3D8E-A0D7-84144931764F}"
EndProject
Project("{FAE04EC0-301F-11D3-BF4B-00C04F79EFBC}") = "VisionOS.Automation", "..\..\Program Files\Epic Games\UE_5.8\Engine\Platforms\VisionOS\Source\Programs\AutomationTool\VisionOS.Automation.csproj", "{AE4F0CC9-CAA5-335F-9D24-D5D626702686}"
EndProject
Project("{FAE04EC0-301F-11D3-BF4B-00C04F79EFBC}") = "Android.Automation", "..\..\Program Files\Epic Games\UE_5.8\Engine\Source\Programs\AutomationTool\Android\Android.Automation.csproj", "{99DA0513-A3EA-3891-96A4-902BA7A0A83B}"
EndProject
Project("{FAE04EC0-301F-11D3-BF4B-00C04F79EFBC}") = "Apple.Automation", "..\..\Program Files\Epic Games\UE_5.8\Engine\Source\Programs\AutomationTool\Apple\Apple.Automation.csproj", "{A4BA313D-60BB-3794-B22C-C938952D395E}"
EndProject
Project("{FAE04EC0-301F-11D3-BF4B-00C04F79EFBC}") = "AutomationUtils.Automation", "..\..\Program Files\Epic Games\UE_5.8\Engine\Source\Programs\AutomationTool\AutomationUtils\AutomationUtils.Automation.csproj", "{25E03A43-E9EE-348B-B677-5C4E6037D82C}"
EndProject
Project("{FAE04EC0-301F-11D3-BF4B-00C04F79EFBC}") = "BuildGraph.Automation", "..\..\Program Files\Epic Games\UE_5.8\Engine\Source\Programs\AutomationTool\BuildGraph\BuildGraph.Automation.csproj", "{05DDE720-7DDC-33D8-8806-7295404857AF}"
EndProject
Project("{FAE04EC0-301F-11D3-BF4B-00C04F79EFBC}") = "CookedEditor.Automation", "..\..\Program Files\Epic Games\UE_5.8\Engine\Source\Programs\AutomationTool\CookedEditor\CookedEditor.Automation.csproj", "{2670C98D-3177-38BB-BEC9-171EBBE52E49}"
EndProject
Project("{FAE04EC0-301F-11D3-BF4B-00C04F79EFBC}") = "CrowdinLocalization.Automation", "..\..\Program Files\Epic Games\UE_5.8\Engine\Source\Programs\AutomationTool\CrowdinLocalization\CrowdinLocalization.Automation.csproj", "{AB965070-C71A-3871-BE70-88D2DA7B9F1A}"
EndProject
Project("{FAE04EC0-301F-11D3-BF4B-00C04F79EFBC}") = "Gauntlet.Automation", "..\..\Program Files\Epic Games\UE_5.8\Engine\Source\Programs\AutomationTool\Gauntlet\Gauntlet.Automation.csproj", "{EA3D51D9-7380-3207-90DF-94ACE66DA870}"
EndProject
Project("{FAE04EC0-301F-11D3-BF4B-00C04F79EFBC}") = "Insights.Automation", "..\..\Program Files\Epic Games\UE_5.8\Engine\Source\Programs\AutomationTool\Insights\Insights.Automation.csproj", "{266E02DE-5582-34F5-9C8E-DD0795415ACF}"
EndProject
Project("{FAE04EC0-301F-11D3-BF4B-00C04F79EFBC}") = "IOS.Automation", "..\..\Program Files\Epic Games\UE_5.8\Engine\Source\Programs\AutomationTool\IOS\IOS.Automation.csproj", "{A8A4EB62-39E6-3CBA-9C61-889FB43029DB}"
EndProject
Project("{FAE04EC0-301F-11D3-BF4B-00C04F79EFBC}") = "Linux.Automation", "..\..\Program Files\Epic Games\UE_5.8\Engine\Source\Programs\AutomationTool\Linux\Linux.Automation.csproj", "{97F7BC40-FA2E-38F5-9F1F-BC1D387141BA}"
EndProject
Project("{FAE04EC0-301F-11D3-BF4B-00C04F79EFBC}") = "LiveLinkHub.Automation", "..\..\Program Files\Epic Games\UE_5.8\Engine\Source\Programs\AutomationTool\LiveLinkHub\LiveLinkHub.Automation.csproj", "{A978EE4E-E490-3CDB-8F3B-7BAD4DF80513}"
EndProject
Project("{FAE04EC0-301F-11D3-BF4B-00C04F79EFBC}") = "Localization.Automation", "..\..\Program Files\Epic Games\UE_5.8\Engine\Source\Programs\AutomationTool\Localization\Localization.Automation.csproj", "{D62AE3A3-380A-39E6-BDF4-792EEE3535E4}"
EndProject
Project("{FAE04EC0-301F-11D3-BF4B-00C04F79EFBC}") = "LowLevelTests.Automation", "..\..\Program Files\Epic Games\UE_5.8\Engine\Source\Programs\AutomationTool\LowLevelTests\LowLevelTests.Automation.csproj", "{6F8485DA-FD76-3B3F-9577-CF5C77C7C4A8}"
EndProject
Project("{FAE04EC0-301F-11D3-BF4B-00C04F79EFBC}") = "Mac.Automation", "..\..\Program Files\Epic Games\UE_5.8\Engine\Source\Programs\AutomationTool\Mac\Mac.Automation.csproj", "{D5033B04-A537-3561-9D7E-EC4BCFE75707}"
EndProject
Project("{FAE04EC0-301F-11D3-BF4B-00C04F79EFBC}") = "Microsoft.Automation", "..\..\Program Files\Epic Games\UE_5.8\Engine\Source\Programs\AutomationTool\Microsoft\Microsoft.Automation.csproj", "{46DC59CF-876A-30B5-AEC4-C9A2D616A9F8}"
EndProject
Project("{FAE04EC0-301F-11D3-BF4B-00C04F79EFBC}") = "Mutable.Automation", "..\..\Program Files\Epic Games\UE_5.8\Engine\Source\Programs\AutomationTool\Mutable\Mutable.Automation.csproj", "{8DCB172F-3B36-3258-90D9-40AEB993D6B4}"
EndProject
Project("{FAE04EC0-301F-11D3-BF4B-00C04F79EFBC}") = "OneSkyLocalization.Automation", "..\..\Program Files\Epic Games\UE_5.8\Engine\Source\Programs\AutomationTool\OneSkyLocalization\OneSkyLocalization.Automation.csproj", "{80F40492-0F31-3751-9C12-A0243B1189BF}"
EndProject
Project("{FAE04EC0-301F-11D3-BF4B-00C04F79EFBC}") = "AutomationScripts.Automation", "..\..\Program Files\Epic Games\UE_5.8\Engine\Source\Programs\AutomationTool\Scripts\AutomationScripts.Automation.csproj", "{3CBE5BCA-7789-34E1-AA86-1BDB26CCED8D}"
EndProject
Project("{FAE04EC0-301F-11D3-BF4B-00C04F79EFBC}") = "SmartlingLocalization.Automation", "..\..\Program Files\Epic Games\UE_5.8\Engine\Source\Programs\AutomationTool\SmartlingLocalization\SmartlingLocalization.Automation.csproj", "{DFA7E03A-EB91-3E87-929B-17BA53FC5A7C}"
EndProject
Project("{FAE04EC0-301F-11D3-BF4B-00C04F79EFBC}") = "SteamDeck.Automation", "..\..\Program Files\Epic Games\UE_5.8\Engine\Source\Programs\AutomationTool\SteamDeck\SteamDeck.Automation.csproj", "{CB13D1B3-0E3B-3233-A4F7-E4413912494C}"
EndProject
Project("{FAE04EC0-301F-11D3-BF4B-00C04F79EFBC}") = "Turnkey.Automation", "..\..\Program Files\Epic Games\UE_5.8\Engine\Source\Programs\AutomationTool\Turnkey\Turnkey.Automation.csproj", "{303B0F09-BFA9-3457-8D6D-6C388E4DAA1A}"
EndProject
Project("{FAE04EC0-301F-11D3-BF4B-00C04F79EFBC}") = "TVOS.Automation", "..\..\Program Files\Epic Games\UE_5.8\Engine\Source\Programs\AutomationTool\TVOS\TVOS.Automation.csproj", "{428C2E97-2EF9-3100-AFF1-992F9BE98333}"
EndProject
Project("{FAE04EC0-301F-11D3-BF4B-00C04F79EFBC}") = "Win.Automation", "..\..\Program Files\Epic Games\UE_5.8\Engine\Source\Programs\AutomationTool\Win\Win.Automation.csproj", "{77D9C829-3FA5-3C27-8BA8-8B1C803BF27D}"
EndProject
Project("{FAE04EC0-301F-11D3-BF4B-00C04F79EFBC}") = "XLocLocalization.Automation", "..\..\Program Files\Epic Games\UE_5.8\Engine\Source\Programs\AutomationTool\XLocLocalization\XLocLocalization.Automation.csproj", "{BB78B914-31C0-3328-A98F-541B60213CCF}"
EndProject
Project("{2150E333-8FDC-42A3-9474-1A3956D46DE8}") = "Dependencies", "Dependencies", "{58A72724-8CB8-3260-8ADB-0161BCAC3D64}"
EndProject
Project("{FAE04EC0-301F-11D3-BF4B-00C04F79EFBC}") = "EpicGames.Build", "..\..\Program Files\Epic Games\UE_5.8\Engine\Source\Programs\Shared\EpicGames.Build\EpicGames.Build.csproj", "{FECA33C3-9D44-3B67-B684-AFA7ECEF6DCD}"
EndProject
Project("{FAE04EC0-301F-11D3-BF4B-00C04F79EFBC}") = "EpicGames.Core", "..\..\Program Files\Epic Games\UE_5.8\Engine\Source\Programs\Shared\EpicGames.Core\EpicGames.Core.csproj", "{93479FD4-CAAC-321C-BEC8-3876090C10BE}"
EndProject
Project("{FAE04EC0-301F-11D3-BF4B-00C04F79EFBC}") = "EpicGames.ProjectStore", "..\..\Program Files\Epic Games\UE_5.8\Engine\Source\Programs\Shared\EpicGames.ProjectStore\EpicGames.ProjectStore.csproj", "{C3B63B7C-DCD0-3253-B064-B8A5D989276F}"
EndProject
Project("{FAE04EC0-301F-11D3-BF4B-00C04F79EFBC}") = "EpicGames.LogMatchers", "..\..\Program Files\Epic Games\UE_5.8\Engine\Source\Programs\Shared\EpicGames.LogMatchers\EpicGames.LogMatchers.csproj", "{1AD55D5E-5B65-3077-88FD-4F0DCDEB9B4E}"
EndProject
Project("{FAE04EC0-301F-11D3-BF4B-00C04F79EFBC}") = "EpicGames.BuildGraph", "..\..\Program Files\Epic Games\UE_5.8\Engine\Source\Programs\Shared\EpicGames.BuildGraph\EpicGames.BuildGraph.csproj", "{5A6861FB-1B1B-3D34-B844-BE85A6C683D1}"
EndProject
Project("{FAE04EC0-301F-11D3-BF4B-00C04F79EFBC}") = "EpicGames.Perforce", "..\..\Program Files\Epic Games\UE_5.8\Engine\Source\Programs\Shared\EpicGames.Perforce\EpicGames.Perforce.csproj", "{C5F22BB4-4E80-34FE-9B53-FD78D0D09FFD}"
EndProject
Project("{FAE04EC0-301F-11D3-BF4B-00C04F79EFBC}") = "UnrealBuildTool", "..\..\Program Files\Epic Games\UE_5.8\Engine\Source\Programs\UnrealBuildTool\UnrealBuildTool.csproj", "{AAACE074-35B6-3907-903A-D9D1276BF31F}"
EndProject
Project("{FAE04EC0-301F-11D3-BF4B-00C04F79EFBC}") = "EpicGames.Horde", "..\..\Program Files\Epic Games\UE_5.8\Engine\Source\Programs\Shared\EpicGames.Horde\EpicGames.Horde.csproj", "{15017379-69A7-3EF1-9500-16360E0A5A14}"
EndProject
Project("{FAE04EC0-301F-11D3-BF4B-00C04F79EFBC}") = "EpicGames.IoHash", "..\..\Program Files\Epic Games\UE_5.8\Engine\Source\Programs\Shared\EpicGames.IoHash\EpicGames.IoHash.csproj", "{14274759-2944-3193-A4F7-055100EF0200}"
EndProject
Project("{FAE04EC0-301F-11D3-BF4B-00C04F79EFBC}") = "EpicGames.Serialization", "..\..\Program Files\Epic Games\UE_5.8\Engine\Source\Programs\Shared\EpicGames.Serialization\EpicGames.Serialization.csproj", "{8E434EDA-C7E3-3002-A0D2-2DC4C1151D4F}"
EndProject
Project("{FAE04EC0-301F-11D3-BF4B-00C04F79EFBC}") = "EpicGames.Analytics.Telemetry", "..\..\Program Files\Epic Games\UE_5.8\Engine\Source\Programs\Shared\EpicGames.Analytics.Telemetry\EpicGames.Analytics.Telemetry.csproj", "{820450BA-849A-39E8-86C7-69AA088D7C10}"
EndProject
Project("{FAE04EC0-301F-11D3-BF4B-00C04F79EFBC}") = "EpicGames.MsBuild", "..\..\Program Files\Epic Games\UE_5.8\Engine\Source\Programs\Shared\EpicGames.MsBuild\EpicGames.MsBuild.csproj", "{C44FD4D0-A44F-3719-9384-76CA4E25D86A}"
EndProject
Project("{FAE04EC0-301F-11D3-BF4B-00C04F79EFBC}") = "EpicGames.Perforce.Managed", "..\..\Program Files\Epic Games\UE_5.8\Engine\Source\Programs\Shared\EpicGames.Perforce.Managed\EpicGames.Perforce.Managed.csproj", "{B90EDF45-BC69-3E79-B858-D10F7D275C12}"
EndProject
Project("{FAE04EC0-301F-11D3-BF4B-00C04F79EFBC}") = "EpicGames.OIDC", "..\..\Program Files\Epic Games\UE_5.8\Engine\Source\Programs\Shared\EpicGames.OIDC\EpicGames.OIDC.csproj", "{4799D260-743C-331F-8723-DA57BCDEC5FF}"
EndProject
Project("{FAE04EC0-301F-11D3-BF4B-00C04F79EFBC}") = "EpicGames.UBA", "..\..\Program Files\Epic Games\UE_5.8\Engine\Source\Programs\Shared\EpicGames.UBA\EpicGames.UBA.csproj", "{ED4259C7-63AB-3BEB-B658-B541ADD240F3}"
EndProject
Project("{FAE04EC0-301F-11D3-BF4B-00C04F79EFBC}") = "EpicGames.UHT", "..\..\Program Files\Epic Games\UE_5.8\Engine\Source\Programs\Shared\EpicGames.UHT\EpicGames.UHT.csproj", "{F223D6A4-B154-34F2-9B34-88C3296C0150}"
EndProject
Project("{FAE04EC0-301F-11D3-BF4B-00C04F79EFBC}") = "EpicGames.Oodle", "..\..\Program Files\Epic Games\UE_5.8\Engine\Source\Programs\Shared\EpicGames.Oodle\EpicGames.Oodle.csproj", "{E0F2F0F7-DCE9-38E4-82B5-C84DC7C3FA6E}"
EndProject
Project("{FAE04EC0-301F-11D3-BF4B-00C04F79EFBC}") = "EpicGames.Perforce.Fixture", "..\..\Program Files\Epic Games\UE_5.8\Engine\Source\Programs\Shared\EpicGames.Perforce.Fixture\EpicGames.Perforce.Fixture.csproj", "{DCD32A5C-CC52-3949-A9DD-CFF4EFEEFAA7}"
EndProject
Project("{2150E333-8FDC-42A3-9474-1A3956D46DE8}") = "Tests", "Tests", "{63F96FAF-71A6-3DD6-AF0D-64B1504528FF}"
EndProject
Project("{FAE04EC0-301F-11D3-BF4B-00C04F79EFBC}") = "EpicGames.Perforce.Tests", "..\..\Program Files\Epic Games\UE_5.8\Engine\Source\Programs\Shared\EpicGames.Perforce.Tests\EpicGames.Perforce.Tests.csproj", "{B4B3C7DA-3F8B-3252-BA6C-9DD1D47B69A6}"
EndProject
Project("{FAE04EC0-301F-11D3-BF4B-00C04F79EFBC}") = "EpicGames.Core.Tests", "..\..\Program Files\Epic Games\UE_5.8\Engine\Source\Programs\Shared\EpicGames.Core.Tests\EpicGames.Core.Tests.csproj", "{F541AF09-67C7-3F4B-A958-24FC90E4C35A}"
EndProject
Project("{FAE04EC0-301F-11D3-BF4B-00C04F79EFBC}") = "EpicGames.Horde.Tests", "..\..\Program Files\Epic Games\UE_5.8\Engine\Source\Programs\Shared\EpicGames.Horde.Tests\EpicGames.Horde.Tests.csproj", "{62CFB218-3015-3DEE-9DE2-7B936DDA5AF5}"
EndProject
Project("{FAE04EC0-301F-11D3-BF4B-00C04F79EFBC}") = "EpicGames.BuildGraph.Tests", "..\..\Program Files\Epic Games\UE_5.8\Engine\Source\Programs\Shared\EpicGames.BuildGraph.Tests\EpicGames.BuildGraph.Tests.csproj", "{45441BCA-220E-3609-908A-238179513A54}"
EndProject
Project("{FAE04EC0-301F-11D3-BF4B-00C04F79EFBC}") = "EpicGames.Build.Tests", "..\..\Program Files\Epic Games\UE_5.8\Engine\Source\Programs\Shared\EpicGames.Build.Tests\EpicGames.Build.Tests.csproj", "{5B6C0737-215E-3D63-BCF4-224F47D7887D}"
EndProject
Project("{FAE04EC0-301F-11D3-BF4B-00C04F79EFBC}") = "EpicGames.LogMatchers.Tests", "..\..\Program Files\Epic Games\UE_5.8\Engine\Source\Programs\Shared\EpicGames.LogMatchers.Tests\EpicGames.LogMatchers.Tests.csproj", "{CEAA2F7D-B232-3E96-A615-A5627C1CD670}"
EndProject
Project("{FAE04EC0-301F-11D3-BF4B-00C04F79EFBC}") = "EpicGames.IoHash.Tests", "..\..\Program Files\Epic Games\UE_5.8\Engine\Source\Programs\Shared\EpicGames.IoHash.Tests\EpicGames.IoHash.Tests.csproj", "{F0A4A091-762F-3749-94D9-18F76091F8CF}"
EndProject
Project("{FAE04EC0-301F-11D3-BF4B-00C04F79EFBC}") = "EpicGames.Perforce.Managed.Tests", "..\..\Program Files\Epic Games\UE_5.8\Engine\Source\Programs\Shared\EpicGames.Perforce.Managed.Tests\EpicGames.Perforce.Managed.Tests.csproj", "{D3C2FF8A-4DFA-3133-8F64-378B50BFC052}"
EndProject
Project("{FAE04EC0-301F-11D3-BF4B-00C04F79EFBC}") = "EpicGames.Serialization.Tests", "..\..\Program Files\Epic Games\UE_5.8\Engine\Source\Programs\Shared\EpicGames.Serialization.Tests\EpicGames.Serialization.Tests.csproj", "{B6D12495-4A43-3E0C-91F2-37665A5E1C0D}"
EndProject
Global
	GlobalSection(SolutionConfigurationPlatforms) = preSolution
		Analyze|Any CPU = Analyze|Any CPU
		Debug|Any CPU = Debug|Any CPU
		Development|Any CPU = Development|Any CPU
		Release|Any CPU = Release|Any CPU
	EndGlobalSection
	GlobalSection(ProjectConfigurationPlatforms) = postSolution
		{6DB51DAD-3262-3D8E-A0D7-84144931764F}.Analyze|Any CPU.ActiveCfg = Analyze|Any CPU
		{6DB51DAD-3262-3D8E-A0D7-84144931764F}.Analyze|Any CPU.Build.0 = Analyze|Any CPU
		{6DB51DAD-3262-3D8E-A0D7-84144931764F}.Debug|Any CPU.ActiveCfg = Debug|Any CPU
		{6DB51DAD-3262-3D8E-A0D7-84144931764F}.Debug|Any CPU.Build.0 = Debug|Any CPU
		{6DB51DAD-3262-3D8E-A0D7-84144931764F}.Development|Any CPU.ActiveCfg = Development|Any CPU
		{6DB51DAD-3262-3D8E-A0D7-84144931764F}.Development|Any CPU.Build.0 = Development|Any CPU
		{6DB51DAD-3262-3D8E-A0D7-84144931764F}.Release|Any CPU.ActiveCfg = Release|Any CPU
		{6DB51DAD-3262-3D8E-A0D7-84144931764F}.Release|Any CPU.Build.0 = Release|Any CPU
		{AE4F0CC9-CAA5-335F-9D24-D5D626702686}.Analyze|Any CPU.ActiveCfg = Analyze|Any CPU
		{AE4F0CC9-CAA5-335F-9D24-D5D626702686}.Analyze|Any CPU.Build.0 = Analyze|Any CPU
		{AE4F0CC9-CAA5-335F-9D24-D5D626702686}.Debug|Any CPU.ActiveCfg = Debug|Any CPU
		{AE4F0CC9-CAA5-335F-9D24-D5D626702686}.Debug|Any CPU.Build.0 = Debug|Any CPU
		{AE4F0CC9-CAA5-335F-9D24-D5D626702686}.Development|Any CPU.ActiveCfg = Development|Any CPU
		{AE4F0CC9-CAA5-335F-9D24-D5D626702686}.Development|Any CPU.Build.0 = Development|Any CPU
		{AE4F0CC9-CAA5-335F-9D24-D5D626702686}.Release|Any CPU.ActiveCfg = Release|Any CPU
		{AE4F0CC9-CAA5-335F-9D24-D5D626702686}.Release|Any CPU.Build.0 = Release|Any CPU
		{99DA0513-A3EA-3891-96A4-902BA7A0A83B}.Analyze|Any CPU.ActiveCfg = Analyze|Any CPU
		{99DA0513-A3EA-3891-96A4-902BA7A0A83B}.Analyze|Any CPU.Build.0 = Analyze|Any CPU
		{99DA0513-A3EA-3891-96A4-902BA7A0A83B}.Debug|Any CPU.ActiveCfg = Debug|Any CPU
		{99DA0513-A3EA-3891-96A4-902BA7A0A83B}.Debug|Any CPU.Build.0 = Debug|Any CPU
		{99DA0513-A3EA-3891-96A4-902BA7A0A83B}.Development|Any CPU.ActiveCfg = Development|Any CPU
		{99DA0513-A3EA-3891-96A4-902BA7A0A83B}.Development|Any CPU.Build.0 = Development|Any CPU
		{99DA0513-A3EA-3891-96A4-902BA7A0A83B}.Release|Any CPU.ActiveCfg = Release|Any CPU
		{99DA0513-A3EA-3891-96A4-902BA7A0A83B}.Release|Any CPU.Build.0 = Release|Any CPU
		{A4BA313D-60BB-3794-B22C-C938952D395E}.Analyze|Any CPU.ActiveCfg = Analyze|Any CPU
		{A4BA313D-60BB-3794-B22C-C938952D395E}.Analyze|Any CPU.Build.0 = Analyze|Any CPU
		{A4BA313D-60BB-3794-B22C-C938952D395E}.Debug|Any CPU.ActiveCfg = Debug|Any CPU
		{A4BA313D-60BB-3794-B22C-C938952D395E}.Debug|Any CPU.Build.0 = Debug|Any CPU
		{A4BA313D-60BB-3794-B22C-C938952D395E}.Development|Any CPU.ActiveCfg = Development|Any CPU
		{A4BA313D-60BB-3794-B22C-C938952D395E}.Development|Any CPU.Build.0 = Development|Any CPU
		{A4BA313D-60BB-3794-B22C-C938952D395E}.Release|Any CPU.ActiveCfg = Release|Any CPU
		{A4BA313D-60BB-3794-B22C-C938952D395E}.Release|Any CPU.Build.0 = Release|Any CPU
		{25E03A43-E9EE-348B-B677-5C4E6037D82C}.Analyze|Any CPU.ActiveCfg = Analyze|Any CPU
		{25E03A43-E9EE-348B-B677-5C4E6037D82C}.Analyze|Any CPU.Build.0 = Analyze|Any CPU
		{25E03A43-E9EE-348B-B677-5C4E6037D82C}.Debug|Any CPU.ActiveCfg = Debug|Any CPU
		{25E03A43-E9EE-348B-B677-5C4E6037D82C}.Debug|Any CPU.Build.0 = Debug|Any CPU
		{25E03A43-E9EE-348B-B677-5C4E6037D82C}.Development|Any CPU.ActiveCfg = Development|Any CPU
		{25E03A43-E9EE-348B-B677-5C4E6037D82C}.Development|Any CPU.Build.0 = Development|Any CPU
		{25E03A43-E9EE-348B-B677-5C4E6037D82C}.Release|Any CPU.ActiveCfg = Release|Any CPU
		{25E03A43-E9EE-348B-B677-5C4E6037D82C}.Release|Any CPU.Build.0 = Release|Any CPU
		{05DDE720-7DDC-33D8-8806-7295404857AF}.Analyze|Any CPU.ActiveCfg = Analyze|Any CPU
		{05DDE720-7DDC-33D8-8806-7295404857AF}.Analyze|Any CPU.Build.0 = Analyze|Any CPU
		{05DDE720-7DDC-33D8-8806-7295404857AF}.Debug|Any CPU.ActiveCfg = Debug|Any CPU
		{05DDE720-7DDC-33D8-8806-7295404857AF}.Debug|Any CPU.Build.0 = Debug|Any CPU
		{05DDE720-7DDC-33D8-8806-7295404857AF}.Development|Any CPU.ActiveCfg = Development|Any CPU
		{05DDE720-7DDC-33D8-8806-7295404857AF}.Development|Any CPU.Build.0 = Development|Any CPU
		{05DDE720-7DDC-33D8-8806-7295404857AF}.Release|Any CPU.ActiveCfg = Release|Any CPU
		{05DDE720-7DDC-33D8-8806-7295404857AF}.Release|Any CPU.Build.0 = Release|Any CPU
		{2670C98D-3177-38BB-BEC9-171EBBE52E49}.Analyze|Any CPU.ActiveCfg = Analyze|Any CPU
		{2670C98D-3177-38BB-BEC9-171EBBE52E49}.Analyze|Any CPU.Build.0 = Analyze|Any CPU
		{2670C98D-3177-38BB-BEC9-171EBBE52E49}.Debug|Any CPU.ActiveCfg = Debug|Any CPU
		{2670C98D-3177-38BB-BEC9-171EBBE52E49}.Debug|Any CPU.Build.0 = Debug|Any CPU
		{2670C98D-3177-38BB-BEC9-171EBBE52E49}.Development|Any CPU.ActiveCfg = Development|Any CPU
		{2670C98D-3177-38BB-BEC9-171EBBE52E49}.Development|Any CPU.Build.0 = Development|Any CPU
		{2670C98D-3177-38BB-BEC9-171EBBE52E49}.Release|Any CPU.ActiveCfg = Release|Any CPU
		{2670C98D-3177-38BB-BEC9-171EBBE52E49}.Release|Any CPU.Build.0 = Release|Any CPU
		{AB965070-C71A-3871-BE70-88D2DA7B9F1A}.Analyze|Any CPU.ActiveCfg = Analyze|Any CPU
		{AB965070-C71A-3871-BE70-88D2DA7B9F1A}.Analyze|Any CPU.Build.0 = Analyze|Any CPU
		{AB965070-C71A-3871-BE70-88D2DA7B9F1A}.Debug|Any CPU.ActiveCfg = Debug|Any CPU
		{AB965070-C71A-3871-BE70-88D2DA7B9F1A}.Debug|Any CPU.Build.0 = Debug|Any CPU
		{AB965070-C71A-3871-BE70-88D2DA7B9F1A}.Development|Any CPU.ActiveCfg = Development|Any CPU
		{AB965070-C71A-3871-BE70-88D2DA7B9F1A}.Development|Any CPU.Build.0 = Development|Any CPU
		{AB965070-C71A-3871-BE70-88D2DA7B9F1A}.Release|Any CPU.ActiveCfg = Release|Any CPU
		{AB965070-C71A-3871-BE70-88D2DA7B9F1A}.Release|Any CPU.Build.0 = Release|Any CPU
		{EA3D51D9-7380-3207-90DF-94ACE66DA870}.Analyze|Any CPU.ActiveCfg = Analyze|Any CPU
		{EA3D51D9-7380-3207-90DF-94ACE66DA870}.Analyze|Any CPU.Build.0 = Analyze|Any CPU
		{EA3D51D9-7380-3207-90DF-94ACE66DA870}.Debug|Any CPU.ActiveCfg = Debug|Any CPU
		{EA3D51D9-7380-3207-90DF-94ACE66DA870}.Debug|Any CPU.Build.0 = Debug|Any CPU
		{EA3D51D9-7380-3207-90DF-94ACE66DA870}.Development|Any CPU.ActiveCfg = Development|Any CPU
		{EA3D51D9-7380-3207-90DF-94ACE66DA870}.Development|Any CPU.Build.0 = Development|Any CPU
		{EA3D51D9-7380-3207-90DF-94ACE66DA870}.Release|Any CPU.ActiveCfg = Release|Any CPU
		{EA3D51D9-7380-3207-90DF-94ACE66DA870}.Release|Any CPU.Build.0 = Release|Any CPU
		{266E02DE-5582-34F5-9C8E-DD0795415ACF}.Analyze|Any CPU.ActiveCfg = Analyze|Any CPU
		{266E02DE-5582-34F5-9C8E-DD0795415ACF}.Analyze|Any CPU.Build.0 = Analyze|Any CPU
		{266E02DE-5582-34F5-9C8E-DD0795415ACF}.Debug|Any CPU.ActiveCfg = Debug|Any CPU
		{266E02DE-5582-34F5-9C8E-DD0795415ACF}.Debug|Any CPU.Build.0 = Debug|Any CPU
		{266E02DE-5582-34F5-9C8E-DD0795415ACF}.Development|Any CPU.ActiveCfg = Development|Any CPU
		{266E02DE-5582-34F5-9C8E-DD0795415ACF}.Development|Any CPU.Build.0 = Development|Any CPU
		{266E02DE-5582-34F5-9C8E-DD0795415ACF}.Release|Any CPU.ActiveCfg = Release|Any CPU
		{266E02DE-5582-34F5-9C8E-DD0795415ACF}.Release|Any CPU.Build.0 = Release|Any CPU
		{A8A4EB62-39E6-3CBA-9C61-889FB43029DB}.Analyze|Any CPU.ActiveCfg = Analyze|Any CPU
		{A8A4EB62-39E6-3CBA-9C61-889FB43029DB}.Analyze|Any CPU.Build.0 = Analyze|Any CPU
		{A8A4EB62-39E6-3CBA-9C61-889FB43029DB}.Debug|Any CPU.ActiveCfg = Debug|Any CPU
		{A8A4EB62-39E6-3CBA-9C61-889FB43029DB}.Debug|Any CPU.Build.0 = Debug|Any CPU
		{A8A4EB62-39E6-3CBA-9C61-889FB43029DB}.Development|Any CPU.ActiveCfg = Development|Any CPU
		{A8A4EB62-39E6-3CBA-9C61-889FB43029DB}.Development|Any CPU.Build.0 = Development|Any CPU
		{A8A4EB62-39E6-3CBA-9C61-889FB43029DB}.Release|Any CPU.ActiveCfg = Release|Any CPU
		{A8A4EB62-39E6-3CBA-9C61-889FB43029DB}.Release|Any CPU.Build.0 = Release|Any CPU
		{97F7BC40-FA2E-38F5-9F1F-BC1D387141BA}.Analyze|Any CPU.ActiveCfg = Analyze|Any CPU
		{97F7BC40-FA2E-38F5-9F1F-BC1D387141BA}.Analyze|Any CPU.Build.0 = Analyze|Any CPU
		{97F7BC40-FA2E-38F5-9F1F-BC1D387141BA}.Debug|Any CPU.ActiveCfg = Debug|Any CPU
		{97F7BC40-FA2E-38F5-9F1F-BC1D387141BA}.Debug|Any CPU.Build.0 = Debug|Any CPU
		{97F7BC40-FA2E-38F5-9F1F-BC1D387141BA}.Development|Any CPU.ActiveCfg = Development|Any CPU
		{97F7BC40-FA2E-38F5-9F1F-BC1D387141BA}.Development|Any CPU.Build.0 = Development|Any CPU
		{97F7BC40-FA2E-38F5-9F1F-BC1D387141BA}.Release|Any CPU.ActiveCfg = Release|Any CPU
		{97F7BC40-FA2E-38F5-9F1F-BC1D387141BA}.Release|Any CPU.Build.0 = Release|Any CPU
		{A978EE4E-E490-3CDB-8F3B-7BAD4DF80513}.Analyze|Any CPU.ActiveCfg = Analyze|Any CPU
		{A978EE4E-E490-3CDB-8F3B-7BAD4DF80513}.Analyze|Any CPU.Build.0 = Analyze|Any CPU
		{A978EE4E-E490-3CDB-8F3B-7BAD4DF80513}.Debug|Any CPU.ActiveCfg = Debug|Any CPU
		{A978EE4E-E490-3CDB-8F3B-7BAD4DF80513}.Debug|Any CPU.Build.0 = Debug|Any CPU
		{A978EE4E-E490-3CDB-8F3B-7BAD4DF80513}.Development|Any CPU.ActiveCfg = Development|Any CPU
		{A978EE4E-E490-3CDB-8F3B-7BAD4DF80513}.Development|Any CPU.Build.0 = Development|Any CPU
		{A978EE4E-E490-3CDB-8F3B-7BAD4DF80513}.Release|Any CPU.ActiveCfg = Release|Any CPU
		{A978EE4E-E490-3CDB-8F3B-7BAD4DF80513}.Release|Any CPU.Build.0 = Release|Any CPU
		{D62AE3A3-380A-39E6-BDF4-792EEE3535E4}.Analyze|Any CPU.ActiveCfg = Analyze|Any CPU
		{D62AE3A3-380A-39E6-BDF4-792EEE3535E4}.Analyze|Any CPU.Build.0 = Analyze|Any CPU
		{D62AE3A3-380A-39E6-BDF4-792EEE3535E4}.Debug|Any CPU.ActiveCfg = Debug|Any CPU
		{D62AE3A3-380A-39E6-BDF4-792EEE3535E4}.Debug|Any CPU.Build.0 = Debug|Any CPU
		{D62AE3A3-380A-39E6-BDF4-792EEE3535E4}.Development|Any CPU.ActiveCfg = Development|Any CPU
		{D62AE3A3-380A-39E6-BDF4-792EEE3535E4}.Development|Any CPU.Build.0 = Development|Any CPU
		{D62AE3A3-380A-39E6-BDF4-792EEE3535E4}.Release|Any CPU.ActiveCfg = Release|Any CPU
		{D62AE3A3-380A-39E6-BDF4-792EEE3535E4}.Release|Any CPU.Build.0 = Release|Any CPU
		{6F8485DA-FD76-3B3F-9577-CF5C77C7C4A8}.Analyze|Any CPU.ActiveCfg = Analyze|Any CPU
		{6F8485DA-FD76-3B3F-9577-CF5C77C7C4A8}.Analyze|Any CPU.Build.0 = Analyze|Any CPU
		{6F8485DA-FD76-3B3F-9577-CF5C77C7C4A8}.Debug|Any CPU.ActiveCfg = Debug|Any CPU
		{6F8485DA-FD76-3B3F-9577-CF5C77C7C4A8}.Debug|Any CPU.Build.0 = Debug|Any CPU
		{6F8485DA-FD76-3B3F-9577-CF5C77C7C4A8}.Development|Any CPU.ActiveCfg = Development|Any CPU
		{6F8485DA-FD76-3B3F-9577-CF5C77C7C4A8}.Development|Any CPU.Build.0 = Development|Any CPU
		{6F8485DA-FD76-3B3F-9577-CF5C77C7C4A8}.Release|Any CPU.ActiveCfg = Release|Any CPU
		{6F8485DA-FD76-3B3F-9577-CF5C77C7C4A8}.Release|Any CPU.Build.0 = Release|Any CPU
		{D5033B04-A537-3561-9D7E-EC4BCFE75707}.Analyze|Any CPU.ActiveCfg = Analyze|Any CPU
		{D5033B04-A537-3561-9D7E-EC4BCFE75707}.Analyze|Any CPU.Build.0 = Analyze|Any CPU
		{D5033B04-A537-3561-9D7E-EC4BCFE75707}.Debug|Any CPU.ActiveCfg = Debug|Any CPU
		{D5033B04-A537-3561-9D7E-EC4BCFE75707}.Debug|Any CPU.Build.0 = Debug|Any CPU
		{D5033B04-A537-3561-9D7E-EC4BCFE75707}.Development|Any CPU.ActiveCfg = Development|Any CPU
		{D5033B04-A537-3561-9D7E-EC4BCFE75707}.Development|Any CPU.Build.0 = Development|Any CPU
		{D5033B04-A537-3561-9D7E-EC4BCFE75707}.Release|Any CPU.ActiveCfg = Release|Any CPU
		{D5033B04-A537-3561-9D7E-EC4BCFE75707}.Release|Any CPU.Build.0 = Release|Any CPU
		{46DC59CF-876A-30B5-AEC4-C9A2D616A9F8}.Analyze|Any CPU.ActiveCfg = Analyze|Any CPU
		{46DC59CF-876A-30B5-AEC4-C9A2D616A9F8}.Analyze|Any CPU.Build.0 = Analyze|Any CPU
		{46DC59CF-876A-30B5-AEC4-C9A2D616A9F8}.Debug|Any CPU.ActiveCfg = Debug|Any CPU
		{46DC59CF-876A-30B5-AEC4-C9A2D616A9F8}.Debug|Any CPU.Build.0 = Debug|Any CPU
		{46DC59CF-876A-30B5-AEC4-C9A2D616A9F8}.Development|Any CPU.ActiveCfg = Development|Any CPU
		{46DC59CF-876A-30B5-AEC4-C9A2D616A9F8}.Development|Any CPU.Build.0 = Development|Any CPU
		{46DC59CF-876A-30B5-AEC4-C9A2D616A9F8}.Release|Any CPU.ActiveCfg = Release|Any CPU
		{46DC59CF-876A-30B5-AEC4-C9A2D616A9F8}.Release|Any CPU.Build.0 = Release|Any CPU
		{8DCB172F-3B36-3258-90D9-40AEB993D6B4}.Analyze|Any CPU.ActiveCfg = Analyze|Any CPU
		{8DCB172F-3B36-3258-90D9-40AEB993D6B4}.Analyze|Any CPU.Build.0 = Analyze|Any CPU
		{8DCB172F-3B36-3258-90D9-40AEB993D6B4}.Debug|Any CPU.ActiveCfg = Debug|Any CPU
		{8DCB172F-3B36-3258-90D9-40AEB993D6B4}.Debug|Any CPU.Build.0 = Debug|Any CPU
		{8DCB172F-3B36-3258-90D9-40AEB993D6B4}.Development|Any CPU.ActiveCfg = Development|Any CPU
		{8DCB172F-3B36-3258-90D9-40AEB993D6B4}.Development|Any CPU.Build.0 = Development|Any CPU
		{8DCB172F-3B36-3258-90D9-40AEB993D6B4}.Release|Any CPU.ActiveCfg = Release|Any CPU
		{8DCB172F-3B36-3258-90D9-40AEB993D6B4}.Release|Any CPU.Build.0 = Release|Any CPU
		{80F40492-0F31-3751-9C12-A0243B1189BF}.Analyze|Any CPU.ActiveCfg = Analyze|Any CPU
		{80F40492-0F31-3751-9C12-A0243B1189BF}.Analyze|Any CPU.Build.0 = Analyze|Any CPU
		{80F40492-0F31-3751-9C12-A0243B1189BF}.Debug|Any CPU.ActiveCfg = Debug|Any CPU
		{80F40492-0F31-3751-9C12-A0243B1189BF}.Debug|Any CPU.Build.0 = Debug|Any CPU
		{80F40492-0F31-3751-9C12-A0243B1189BF}.Development|Any CPU.ActiveCfg = Development|Any CPU
		{80F40492-0F31-3751-9C12-A0243B1189BF}.Development|Any CPU.Build.0 = Development|Any CPU
		{80F40492-0F31-3751-9C12-A0243B1189BF}.Release|Any CPU.ActiveCfg = Release|Any CPU
		{80F40492-0F31-3751-9C12-A0243B1189BF}.Release|Any CPU.Build.0 = Release|Any CPU
		{3CBE5BCA-7789-34E1-AA86-1BDB26CCED8D}.Analyze|Any CPU.ActiveCfg = Analyze|Any CPU
		{3CBE5BCA-7789-34E1-AA86-1BDB26CCED8D}.Analyze|Any CPU.Build.0 = Analyze|Any CPU
		{3CBE5BCA-7789-34E1-AA86-1BDB26CCED8D}.Debug|Any CPU.ActiveCfg = Debug|Any CPU
		{3CBE5BCA-7789-34E1-AA86-1BDB26CCED8D}.Debug|Any CPU.Build.0 = Debug|Any CPU
		{3CBE5BCA-7789-34E1-AA86-1BDB26CCED8D}.Development|Any CPU.ActiveCfg = Development|Any CPU
		{3CBE5BCA-7789-34E1-AA86-1BDB26CCED8D}.Development|Any CPU.Build.0 = Development|Any CPU
		{3CBE5BCA-7789-34E1-AA86-1BDB26CCED8D}.Release|Any CPU.ActiveCfg = Release|Any CPU
		{3CBE5BCA-7789-34E1-AA86-1BDB26CCED8D}.Release|Any CPU.Build.0 = Release|Any CPU
		{DFA7E03A-EB91-3E87-929B-17BA53FC5A7C}.Analyze|Any CPU.ActiveCfg = Analyze|Any CPU
		{DFA7E03A-EB91-3E87-929B-17BA53FC5A7C}.Analyze|Any CPU.Build.0 = Analyze|Any CPU
		{DFA7E03A-EB91-3E87-929B-17BA53FC5A7C}.Debug|Any CPU.ActiveCfg = Debug|Any CPU
		{DFA7E03A-EB91-3E87-929B-17BA53FC5A7C}.Debug|Any CPU.Build.0 = Debug|Any CPU
		{DFA7E03A-EB91-3E87-929B-17BA53FC5A7C}.Development|Any CPU.ActiveCfg = Development|Any CPU
		{DFA7E03A-EB91-3E87-929B-17BA53FC5A7C}.Development|Any CPU.Build.0 = Development|Any CPU
		{DFA7E03A-EB91-3E87-929B-17BA53FC5A7C}.Release|Any CPU.ActiveCfg = Release|Any CPU
		{DFA7E03A-EB91-3E87-929B-17BA53FC5A7C}.Release|Any CPU.Build.0 = Release|Any CPU
		{CB13D1B3-0E3B-3233-A4F7-E4413912494C}.Analyze|Any CPU.ActiveCfg = Analyze|Any CPU
		{CB13D1B3-0E3B-3233-A4F7-E4413912494C}.Analyze|Any CPU.Build.0 = Analyze|Any CPU
		{CB13D1B3-0E3B-3233-A4F7-E4413912494C}.Debug|Any CPU.ActiveCfg = Debug|Any CPU
		{CB13D1B3-0E3B-3233-A4F7-E4413912494C}.Debug|Any CPU.Build.0 = Debug|Any CPU
		{CB13D1B3-0E3B-3233-A4F7-E4413912494C}.Development|Any CPU.ActiveCfg = Development|Any CPU
		{CB13D1B3-0E3B-3233-A4F7-E4413912494C}.Development|Any CPU.Build.0 = Development|Any CPU
		{CB13D1B3-0E3B-3233-A4F7-E4413912494C}.Release|Any CPU.ActiveCfg = Release|Any CPU
		{CB13D1B3-0E3B-3233-A4F7-E4413912494C}.Release|Any CPU.Build.0 = Release|Any CPU
		{303B0F09-BFA9-3457-8D6D-6C388E4DAA1A}.Analyze|Any CPU.ActiveCfg = Analyze|Any CPU
		{303B0F09-BFA9-3457-8D6D-6C388E4DAA1A}.Analyze|Any CPU.Build.0 = Analyze|Any CPU
		{303B0F09-BFA9-3457-8D6D-6C388E4DAA1A}.Debug|Any CPU.ActiveCfg = Debug|Any CPU
		{303B0F09-BFA9-3457-8D6D-6C388E4DAA1A}.Debug|Any CPU.Build.0 = Debug|Any CPU
		{303B0F09-BFA9-3457-8D6D-6C388E4DAA1A}.Development|Any CPU.ActiveCfg = Development|Any CPU
		{303B0F09-BFA9-3457-8D6D-6C388E4DAA1A}.Development|Any CPU.Build.0 = Development|Any CPU
		{303B0F09-BFA9-3457-8D6D-6C388E4DAA1A}.Release|Any CPU.ActiveCfg = Release|Any CPU
		{303B0F09-BFA9-3457-8D6D-6C388E4DAA1A}.Release|Any CPU.Build.0 = Release|Any CPU
		{428C2E97-2EF9-3100-AFF1-992F9BE98333}.Analyze|Any CPU.ActiveCfg = Analyze|Any CPU
		{428C2E97-2EF9-3100-AFF1-992F9BE98333}.Analyze|Any CPU.Build.0 = Analyze|Any CPU
		{428C2E97-2EF9-3100-AFF1-992F9BE98333}.Debug|Any CPU.ActiveCfg = Debug|Any CPU
		{428C2E97-2EF9-3100-AFF1-992F9BE98333}.Debug|Any CPU.Build.0 = Debug|Any CPU
		{428C2E97-2EF9-3100-AFF1-992F9BE98333}.Development|Any CPU.ActiveCfg = Development|Any CPU
		{428C2E97-2EF9-3100-AFF1-992F9BE98333}.Development|Any CPU.Build.0 = Development|Any CPU
		{428C2E97-2EF9-3100-AFF1-992F9BE98333}.Release|Any CPU.ActiveCfg = Release|Any CPU
		{428C2E97-2EF9-3100-AFF1-992F9BE98333}.Release|Any CPU.Build.0 = Release|Any CPU
		{77D9C829-3FA5-3C27-8BA8-8B1C803BF27D}.Analyze|Any CPU.ActiveCfg = Analyze|Any CPU
		{77D9C829-3FA5-3C27-8BA8-8B1C803BF27D}.Analyze|Any CPU.Build.0 = Analyze|Any CPU
		{77D9C829-3FA5-3C27-8BA8-8B1C803BF27D}.Debug|Any CPU.ActiveCfg = Debug|Any CPU
		{77D9C829-3FA5-3C27-8BA8-8B1C803BF27D}.Debug|Any CPU.Build.0 = Debug|Any CPU
		{77D9C829-3FA5-3C27-8BA8-8B1C803BF27D}.Development|Any CPU.ActiveCfg = Development|Any CPU
		{77D9C829-3FA5-3C27-8BA8-8B1C803BF27D}.Development|Any CPU.Build.0 = Development|Any CPU
		{77D9C829-3FA5-3C27-8BA8-8B1C803BF27D}.Release|Any CPU.ActiveCfg = Release|Any CPU
		{77D9C829-3FA5-3C27-8BA8-8B1C803BF27D}.Release|Any CPU.Build.0 = Release|Any CPU
		{BB78B914-31C0-3328-A98F-541B60213CCF}.Analyze|Any CPU.ActiveCfg = Analyze|Any CPU
		{BB78B914-31C0-3328-A98F-541B60213CCF}.Analyze|Any CPU.Build.0 = Analyze|Any CPU
		{BB78B914-31C0-3328-A98F-541B60213CCF}.Debug|Any CPU.ActiveCfg = Debug|Any CPU
		{BB78B914-31C0-3328-A98F-541B60213CCF}.Debug|Any CPU.Build.0 = Debug|Any CPU
		{BB78B914-31C0-3328-A98F-541B60213CCF}.Development|Any CPU.ActiveCfg = Development|Any CPU
		{BB78B914-31C0-3328-A98F-541B60213CCF}.Development|Any CPU.Build.0 = Development|Any CPU
		{BB78B914-31C0-3328-A98F-541B60213CCF}.Release|Any CPU.ActiveCfg = Release|Any CPU
		{BB78B914-31C0-3328-A98F-541B60213CCF}.Release|Any CPU.Build.0 = Release|Any CPU
		{FECA33C3-9D44-3B67-B684-AFA7ECEF6DCD}.Analyze|Any CPU.ActiveCfg = Analyze|Any CPU
		{FECA33C3-9D44-3B67-B684-AFA7ECEF6DCD}.Analyze|Any CPU.Build.0 = Analyze|Any CPU
		{FECA33C3-9D44-3B67-B684-AFA7ECEF6DCD}.Debug|Any CPU.ActiveCfg = Debug|Any CPU
		{FECA33C3-9D44-3B67-B684-AFA7ECEF6DCD}.Debug|Any CPU.Build.0 = Debug|Any CPU
		{FECA33C3-9D44-3B67-B684-AFA7ECEF6DCD}.Development|Any CPU.ActiveCfg = Development|Any CPU
		{FECA33C3-9D44-3B67-B684-AFA7ECEF6DCD}.Development|Any CPU.Build.0 = Development|Any CPU
		{FECA33C3-9D44-3B67-B684-AFA7ECEF6DCD}.Release|Any CPU.ActiveCfg = Release|Any CPU
		{FECA33C3-9D44-3B67-B684-AFA7ECEF6DCD}.Release|Any CPU.Build.0 = Release|Any CPU
		{93479FD4-CAAC-321C-BEC8-3876090C10BE}.Analyze|Any CPU.ActiveCfg = Analyze|Any CPU
		{93479FD4-CAAC-321C-BEC8-3876090C10BE}.Analyze|Any CPU.Build.0 = Analyze|Any CPU
		{93479FD4-CAAC-321C-BEC8-3876090C10BE}.Debug|Any CPU.ActiveCfg = Debug|Any CPU
		{93479FD4-CAAC-321C-BEC8-3876090C10BE}.Debug|Any CPU.Build.0 = Debug|Any CPU
		{93479FD4-CAAC-321C-BEC8-3876090C10BE}.Development|Any CPU.ActiveCfg = Development|Any CPU
		{93479FD4-CAAC-321C-BEC8-3876090C10BE}.Development|Any CPU.Build.0 = Development|Any CPU
		{93479FD4-CAAC-321C-BEC8-3876090C10BE}.Release|Any CPU.ActiveCfg = Release|Any CPU
		{93479FD4-CAAC-321C-BEC8-3876090C10BE}.Release|Any CPU.Build.0 = Release|Any CPU
		{C3B63B7C-DCD0-3253-B064-B8A5D989276F}.Analyze|Any CPU.ActiveCfg = Analyze|Any CPU
		{C3B63B7C-DCD0-3253-B064-B8A5D989276F}.Analyze|Any CPU.Build.0 = Analyze|Any CPU
		{C3B63B7C-DCD0-3253-B064-B8A5D989276F}.Debug|Any CPU.ActiveCfg = Debug|Any CPU
		{C3B63B7C-DCD0-3253-B064-B8A5D989276F}.Debug|Any CPU.Build.0 = Debug|Any CPU
		{C3B63B7C-DCD0-3253-B064-B8A5D989276F}.Development|Any CPU.ActiveCfg = Development|Any CPU
		{C3B63B7C-DCD0-3253-B064-B8A5D989276F}.Development|Any CPU.Build.0 = Development|Any CPU
		{C3B63B7C-DCD0-3253-B064-B8A5D989276F}.Release|Any CPU.ActiveCfg = Release|Any CPU
		{C3B63B7C-DCD0-3253-B064-B8A5D989276F}.Release|Any CPU.Build.0 = Release|Any CPU
		{1AD55D5E-5B65-3077-88FD-4F0DCDEB9B4E}.Analyze|Any CPU.ActiveCfg = Analyze|Any CPU
		{1AD55D5E-5B65-3077-88FD-4F0DCDEB9B4E}.Analyze|Any CPU.Build.0 = Analyze|Any CPU
		{1AD55D5E-5B65-3077-88FD-4F0DCDEB9B4E}.Debug|Any CPU.ActiveCfg = Debug|Any CPU
		{1AD55D5E-5B65-3077-88FD-4F0DCDEB9B4E}.Debug|Any CPU.Build.0 = Debug|Any CPU
		{1AD55D5E-5B65-3077-88FD-4F0DCDEB9B4E}.Development|Any CPU.ActiveCfg = Development|Any CPU
		{1AD55D5E-5B65-3077-88FD-4F0DCDEB9B4E}.Development|Any CPU.Build.0 = Development|Any CPU
		{1AD55D5E-5B65-3077-88FD-4F0DCDEB9B4E}.Release|Any CPU.ActiveCfg = Release|Any CPU
		{1AD55D5E-5B65-3077-88FD-4F0DCDEB9B4E}.Release|Any CPU.Build.0 = Release|Any CPU
		{5A6861FB-1B1B-3D34-B844-BE85A6C683D1}.Analyze|Any CPU.ActiveCfg = Analyze|Any CPU
		{5A6861FB-1B1B-3D34-B844-BE85A6C683D1}.Analyze|Any CPU.Build.0 = Analyze|Any CPU
		{5A6861FB-1B1B-3D34-B844-BE85A6C683D1}.Debug|Any CPU.ActiveCfg = Debug|Any CPU
		{5A6861FB-1B1B-3D34-B844-BE85A6C683D1}.Debug|Any CPU.Build.0 = Debug|Any CPU
		{5A6861FB-1B1B-3D34-B844-BE85A6C683D1}.Development|Any CPU.ActiveCfg = Development|Any CPU
		{5A6861FB-1B1B-3D34-B844-BE85A6C683D1}.Development|Any CPU.Build.0 = Development|Any CPU
		{5A6861FB-1B1B-3D34-B844-BE85A6C683D1}.Release|Any CPU.ActiveCfg = Release|Any CPU
		{5A6861FB-1B1B-3D34-B844-BE85A6C683D1}.Release|Any CPU.Build.0 = Release|Any CPU
		{C5F22BB4-4E80-34FE-9B53-FD78D0D09FFD}.Analyze|Any CPU.ActiveCfg = Analyze|Any CPU
		{C5F22BB4-4E80-34FE-9B53-FD78D0D09FFD}.Analyze|Any CPU.Build.0 = Analyze|Any CPU
		{C5F22BB4-4E80-34FE-9B53-FD78D0D09FFD}.Debug|Any CPU.ActiveCfg = Debug|Any CPU
		{C5F22BB4-4E80-34FE-9B53-FD78D0D09FFD}.Debug|Any CPU.Build.0 = Debug|Any CPU
		{C5F22BB4-4E80-34FE-9B53-FD78D0D09FFD}.Development|Any CPU.ActiveCfg = Development|Any CPU
		{C5F22BB4-4E80-34FE-9B53-FD78D0D09FFD}.Development|Any CPU.Build.0 = Development|Any CPU
		{C5F22BB4-4E80-34FE-9B53-FD78D0D09FFD}.Release|Any CPU.ActiveCfg = Release|Any CPU
		{C5F22BB4-4E80-34FE-9B53-FD78D0D09FFD}.Release|Any CPU.Build.0 = Release|Any CPU
		{AAACE074-35B6-3907-903A-D9D1276BF31F}.Analyze|Any CPU.ActiveCfg = Analyze|Any CPU
		{AAACE074-35B6-3907-903A-D9D1276BF31F}.Analyze|Any CPU.Build.0 = Analyze|Any CPU
		{AAACE074-35B6-3907-903A-D9D1276BF31F}.Debug|Any CPU.ActiveCfg = Debug|Any CPU
		{AAACE074-35B6-3907-903A-D9D1276BF31F}.Debug|Any CPU.Build.0 = Debug|Any CPU
		{AAACE074-35B6-3907-903A-D9D1276BF31F}.Development|Any CPU.ActiveCfg = Development|Any CPU
		{AAACE074-35B6-3907-903A-D9D1276BF31F}.Development|Any CPU.Build.0 = Development|Any CPU
		{AAACE074-35B6-3907-903A-D9D1276BF31F}.Release|Any CPU.ActiveCfg = Release|Any CPU
		{AAACE074-35B6-3907-903A-D9D1276BF31F}.Release|Any CPU.Build.0 = Release|Any CPU
		{15017379-69A7-3EF1-9500-16360E0A5A14}.Analyze|Any CPU.ActiveCfg = Analyze|Any CPU
		{15017379-69A7-3EF1-9500-16360E0A5A14}.Analyze|Any CPU.Build.0 = Analyze|Any CPU
		{15017379-69A7-3EF1-9500-16360E0A5A14}.Debug|Any CPU.ActiveCfg = Debug|Any CPU
		{15017379-69A7-3EF1-9500-16360E0A5A14}.Debug|Any CPU.Build.0 = Debug|Any CPU
		{15017379-69A7-3EF1-9500-16360E0A5A14}.Development|Any CPU.ActiveCfg = Development|Any CPU
		{15017379-69A7-3EF1-9500-16360E0A5A14}.Development|Any CPU.Build.0 = Development|Any CPU
		{15017379-69A7-3EF1-9500-16360E0A5A14}.Release|Any CPU.ActiveCfg = Release|Any CPU
		{15017379-69A7-3EF1-9500-16360E0A5A14}.Release|Any CPU.Build.0 = Release|Any CPU
		{14274759-2944-3193-A4F7-055100EF0200}.Analyze|Any CPU.ActiveCfg = Analyze|Any CPU
		{14274759-2944-3193-A4F7-055100EF0200}.Analyze|Any CPU.Build.0 = Analyze|Any CPU
		{14274759-2944-3193-A4F7-055100EF0200}.Debug|Any CPU.ActiveCfg = Debug|Any CPU
		{14274759-2944-3193-A4F7-055100EF0200}.Debug|Any CPU.Build.0 = Debug|Any CPU
		{14274759-2944-3193-A4F7-055100EF0200}.Development|Any CPU.ActiveCfg = Development|Any CPU
		{14274759-2944-3193-A4F7-055100EF0200}.Development|Any CPU.Build.0 = Development|Any CPU
		{14274759-2944-3193-A4F7-055100EF0200}.Release|Any CPU.ActiveCfg = Release|Any CPU
		{14274759-2944-3193-A4F7-055100EF0200}.Release|Any CPU.Build.0 = Release|Any CPU
		{8E434EDA-C7E3-3002-A0D2-2DC4C1151D4F}.Analyze|Any CPU.ActiveCfg = Analyze|Any CPU
		{8E434EDA-C7E3-3002-A0D2-2DC4C1151D4F}.Analyze|Any CPU.Build.0 = Analyze|Any CPU
		{8E434EDA-C7E3-3002-A0D2-2DC4C1151D4F}.Debug|Any CPU.ActiveCfg = Debug|Any CPU
		{8E434EDA-C7E3-3002-A0D2-2DC4C1151D4F}.Debug|Any CPU.Build.0 = Debug|Any CPU
		{8E434EDA-C7E3-3002-A0D2-2DC4C1151D4F}.Development|Any CPU.ActiveCfg = Development|Any CPU
		{8E434EDA-C7E3-3002-A0D2-2DC4C1151D4F}.Development|Any CPU.Build.0 = Development|Any CPU
		{8E434EDA-C7E3-3002-A0D2-2DC4C1151D4F}.Release|Any CPU.ActiveCfg = Release|Any CPU
		{8E434EDA-C7E3-3002-A0D2-2DC4C1151D4F}.Release|Any CPU.Build.0 = Release|Any CPU
		{820450BA-849A-39E8-86C7-69AA088D7C10}.Analyze|Any CPU.ActiveCfg = Analyze|Any CPU
		{820450BA-849A-39E8-86C7-69AA088D7C10}.Analyze|Any CPU.Build.0 = Analyze|Any CPU
		{820450BA-849A-39E8-86C7-69AA088D7C10}.Debug|Any CPU.ActiveCfg = Debug|Any CPU
		{820450BA-849A-39E8-86C7-69AA088D7C10}.Debug|Any CPU.Build.0 = Debug|Any CPU
		{820450BA-849A-39E8-86C7-69AA088D7C10}.Development|Any CPU.ActiveCfg = Development|Any CPU
		{820450BA-849A-39E8-86C7-69AA088D7C10}.Development|Any CPU.Build.0 = Development|Any CPU
		{820450BA-849A-39E8-86C7-69AA088D7C10}.Release|Any CPU.ActiveCfg = Release|Any CPU
		{820450BA-849A-39E8-86C7-69AA088D7C10}.Release|Any CPU.Build.0 = Release|Any CPU
		{C44FD4D0-A44F-3719-9384-76CA4E25D86A}.Analyze|Any CPU.ActiveCfg = Analyze|Any CPU
		{C44FD4D0-A44F-3719-9384-76CA4E25D86A}.Analyze|Any CPU.Build.0 = Analyze|Any CPU
		{C44FD4D0-A44F-3719-9384-76CA4E25D86A}.Debug|Any CPU.ActiveCfg = Debug|Any CPU
		{C44FD4D0-A44F-3719-9384-76CA4E25D86A}.Debug|Any CPU.Build.0 = Debug|Any CPU
		{C44FD4D0-A44F-3719-9384-76CA4E25D86A}.Development|Any CPU.ActiveCfg = Development|Any CPU
		{C44FD4D0-A44F-3719-9384-76CA4E25D86A}.Development|Any CPU.Build.0 = Development|Any CPU
		{C44FD4D0-A44F-3719-9384-76CA4E25D86A}.Release|Any CPU.ActiveCfg = Release|Any CPU
		{C44FD4D0-A44F-3719-9384-76CA4E25D86A}.Release|Any CPU.Build.0 = Release|Any CPU
		{B90EDF45-BC69-3E79-B858-D10F7D275C12}.Analyze|Any CPU.ActiveCfg = Analyze|Any CPU
		{B90EDF45-BC69-3E79-B858-D10F7D275C12}.Analyze|Any CPU.Build.0 = Analyze|Any CPU
		{B90EDF45-BC69-3E79-B858-D10F7D275C12}.Debug|Any CPU.ActiveCfg = Debug|Any CPU
		{B90EDF45-BC69-3E79-B858-D10F7D275C12}.Debug|Any CPU.Build.0 = Debug|Any CPU
		{B90EDF45-BC69-3E79-B858-D10F7D275C12}.Development|Any CPU.ActiveCfg = Development|Any CPU
		{B90EDF45-BC69-3E79-B858-D10F7D275C12}.Development|Any CPU.Build.0 = Development|Any CPU
		{B90EDF45-BC69-3E79-B858-D10F7D275C12}.Release|Any CPU.ActiveCfg = Release|Any CPU
		{B90EDF45-BC69-3E79-B858-D10F7D275C12}.Release|Any CPU.Build.0 = Release|Any CPU
		{4799D260-743C-331F-8723-DA57BCDEC5FF}.Analyze|Any CPU.ActiveCfg = Analyze|Any CPU
		{4799D260-743C-331F-8723-DA57BCDEC5FF}.Analyze|Any CPU.Build.0 = Analyze|Any CPU
		{4799D260-743C-331F-8723-DA57BCDEC5FF}.Debug|Any CPU.ActiveCfg = Debug|Any CPU
		{4799D260-743C-331F-8723-DA57BCDEC5FF}.Debug|Any CPU.Build.0 = Debug|Any CPU
		{4799D260-743C-331F-8723-DA57BCDEC5FF}.Development|Any CPU.ActiveCfg = Development|Any CPU
		{4799D260-743C-331F-8723-DA57BCDEC5FF}.Development|Any CPU.Build.0 = Development|Any CPU
		{4799D260-743C-331F-8723-DA57BCDEC5FF}.Release|Any CPU.ActiveCfg = Release|Any CPU
		{4799D260-743C-331F-8723-DA57BCDEC5FF}.Release|Any CPU.Build.0 = Release|Any CPU
		{ED4259C7-63AB-3BEB-B658-B541ADD240F3}.Analyze|Any CPU.ActiveCfg = Analyze|Any CPU
		{ED4259C7-63AB-3BEB-B658-B541ADD240F3}.Analyze|Any CPU.Build.0 = Analyze|Any CPU
		{ED4259C7-63AB-3BEB-B658-B541ADD240F3}.Debug|Any CPU.ActiveCfg = Debug|Any CPU
		{ED4259C7-63AB-3BEB-B658-B541ADD240F3}.Debug|Any CPU.Build.0 = Debug|Any CPU
		{ED4259C7-63AB-3BEB-B658-B541ADD240F3}.Development|Any CPU.ActiveCfg = Development|Any CPU
		{ED4259C7-63AB-3BEB-B658-B541ADD240F3}.Development|Any CPU.Build.0 = Development|Any CPU
		{ED4259C7-63AB-3BEB-B658-B541ADD240F3}.Release|Any CPU.ActiveCfg = Release|Any CPU
		{ED4259C7-63AB-3BEB-B658-B541ADD240F3}.Release|Any CPU.Build.0 = Release|Any CPU
		{F223D6A4-B154-34F2-9B34-88C3296C0150}.Analyze|Any CPU.ActiveCfg = Analyze|Any CPU
		{F223D6A4-B154-34F2-9B34-88C3296C0150}.Analyze|Any CPU.Build.0 = Analyze|Any CPU
		{F223D6A4-B154-34F2-9B34-88C3296C0150}.Debug|Any CPU.ActiveCfg = Debug|Any CPU
		{F223D6A4-B154-34F2-9B34-88C3296C0150}.Debug|Any CPU.Build.0 = Debug|Any CPU
		{F223D6A4-B154-34F2-9B34-88C3296C0150}.Development|Any CPU.ActiveCfg = Development|Any CPU
		{F223D6A4-B154-34F2-9B34-88C3296C0150}.Development|Any CPU.Build.0 = Development|Any CPU
		{F223D6A4-B154-34F2-9B34-88C3296C0150}.Release|Any CPU.ActiveCfg = Release|Any CPU
		{F223D6A4-B154-34F2-9B34-88C3296C0150}.Release|Any CPU.Build.0 = Release|Any CPU
		{E0F2F0F7-DCE9-38E4-82B5-C84DC7C3FA6E}.Analyze|Any CPU.ActiveCfg = Analyze|Any CPU
		{E0F2F0F7-DCE9-38E4-82B5-C84DC7C3FA6E}.Analyze|Any CPU.Build.0 = Analyze|Any CPU
		{E0F2F0F7-DCE9-38E4-82B5-C84DC7C3FA6E}.Debug|Any CPU.ActiveCfg = Debug|Any CPU
		{E0F2F0F7-DCE9-38E4-82B5-C84DC7C3FA6E}.Debug|Any CPU.Build.0 = Debug|Any CPU
		{E0F2F0F7-DCE9-38E4-82B5-C84DC7C3FA6E}.Development|Any CPU.ActiveCfg = Development|Any CPU
		{E0F2F0F7-DCE9-38E4-82B5-C84DC7C3FA6E}.Development|Any CPU.Build.0 = Development|Any CPU
		{E0F2F0F7-DCE9-38E4-82B5-C84DC7C3FA6E}.Release|Any CPU.ActiveCfg = Release|Any CPU
		{E0F2F0F7-DCE9-38E4-82B5-C84DC7C3FA6E}.Release|Any CPU.Build.0 = Release|Any CPU
		{DCD32A5C-CC52-3949-A9DD-CFF4EFEEFAA7}.Analyze|Any CPU.ActiveCfg = Analyze|Any CPU
		{DCD32A5C-CC52-3949-A9DD-CFF4EFEEFAA7}.Analyze|Any CPU.Build.0 = Analyze|Any CPU
		{DCD32A5C-CC52-3949-A9DD-CFF4EFEEFAA7}.Debug|Any CPU.ActiveCfg = Debug|Any CPU
		{DCD32A5C-CC52-3949-A9DD-CFF4EFEEFAA7}.Debug|Any CPU.Build.0 = Debug|Any CPU
		{DCD32A5C-CC52-3949-A9DD-CFF4EFEEFAA7}.Development|Any CPU.ActiveCfg = Development|Any CPU
		{DCD32A5C-CC52-3949-A9DD-CFF4EFEEFAA7}.Development|Any CPU.Build.0 = Development|Any CPU
		{DCD32A5C-CC52-3949-A9DD-CFF4EFEEFAA7}.Release|Any CPU.ActiveCfg = Release|Any CPU
		{DCD32A5C-CC52-3949-A9DD-CFF4EFEEFAA7}.Release|Any CPU.Build.0 = Release|Any CPU
		{B4B3C7DA-3F8B-3252-BA6C-9DD1D47B69A6}.Analyze|Any CPU.ActiveCfg = Analyze|Any CPU
		{B4B3C7DA-3F8B-3252-BA6C-9DD1D47B69A6}.Analyze|Any CPU.Build.0 = Analyze|Any CPU
		{B4B3C7DA-3F8B-3252-BA6C-9DD1D47B69A6}.Debug|Any CPU.ActiveCfg = Debug|Any CPU
		{B4B3C7DA-3F8B-3252-BA6C-9DD1D47B69A6}.Debug|Any CPU.Build.0 = Debug|Any CPU
		{B4B3C7DA-3F8B-3252-BA6C-9DD1D47B69A6}.Development|Any CPU.ActiveCfg = Development|Any CPU
		{B4B3C7DA-3F8B-3252-BA6C-9DD1D47B69A6}.Development|Any CPU.Build.0 = Development|Any CPU
		{B4B3C7DA-3F8B-3252-BA6C-9DD1D47B69A6}.Release|Any CPU.ActiveCfg = Release|Any CPU
		{B4B3C7DA-3F8B-3252-BA6C-9DD1D47B69A6}.Release|Any CPU.Build.0 = Release|Any CPU
		{F541AF09-67C7-3F4B-A958-24FC90E4C35A}.Analyze|Any CPU.ActiveCfg = Analyze|Any CPU
		{F541AF09-67C7-3F4B-A958-24FC90E4C35A}.Analyze|Any CPU.Build.0 = Analyze|Any CPU
		{F541AF09-67C7-3F4B-A958-24FC90E4C35A}.Debug|Any CPU.ActiveCfg = Debug|Any CPU
		{F541AF09-67C7-3F4B-A958-24FC90E4C35A}.Debug|Any CPU.Build.0 = Debug|Any CPU
		{F541AF09-67C7-3F4B-A958-24FC90E4C35A}.Development|Any CPU.ActiveCfg = Development|Any CPU
		{F541AF09-67C7-3F4B-A958-24FC90E4C35A}.Development|Any CPU.Build.0 = Development|Any CPU
		{F541AF09-67C7-3F4B-A958-24FC90E4C35A}.Release|Any CPU.ActiveCfg = Release|Any CPU
		{F541AF09-67C7-3F4B-A958-24FC90E4C35A}.Release|Any CPU.Build.0 = Release|Any CPU
		{62CFB218-3015-3DEE-9DE2-7B936DDA5AF5}.Analyze|Any CPU.ActiveCfg = Analyze|Any CPU
		{62CFB218-3015-3DEE-9DE2-7B936DDA5AF5}.Analyze|Any CPU.Build.0 = Analyze|Any CPU
		{62CFB218-3015-3DEE-9DE2-7B936DDA5AF5}.Debug|Any CPU.ActiveCfg = Debug|Any CPU
		{62CFB218-3015-3DEE-9DE2-7B936DDA5AF5}.Debug|Any CPU.Build.0 = Debug|Any CPU
		{62CFB218-3015-3DEE-9DE2-7B936DDA5AF5}.Development|Any CPU.ActiveCfg = Development|Any CPU
		{62CFB218-3015-3DEE-9DE2-7B936DDA5AF5}.Development|Any CPU.Build.0 = Development|Any CPU
		{62CFB218-3015-3DEE-9DE2-7B936DDA5AF5}.Release|Any CPU.ActiveCfg = Release|Any CPU
		{62CFB218-3015-3DEE-9DE2-7B936DDA5AF5}.Release|Any CPU.Build.0 = Release|Any CPU
		{45441BCA-220E-3609-908A-238179513A54}.Analyze|Any CPU.ActiveCfg = Analyze|Any CPU
		{45441BCA-220E-3609-908A-238179513A54}.Analyze|Any CPU.Build.0 = Analyze|Any CPU
		{45441BCA-220E-3609-908A-238179513A54}.Debug|Any CPU.ActiveCfg = Debug|Any CPU
		{45441BCA-220E-3609-908A-238179513A54}.Debug|Any CPU.Build.0 = Debug|Any CPU
		{45441BCA-220E-3609-908A-238179513A54}.Development|Any CPU.ActiveCfg = Development|Any CPU
		{45441BCA-220E-3609-908A-238179513A54}.Development|Any CPU.Build.0 = Development|Any CPU
		{45441BCA-220E-3609-908A-238179513A54}.Release|Any CPU.ActiveCfg = Release|Any CPU
		{45441BCA-220E-3609-908A-238179513A54}.Release|Any CPU.Build.0 = Release|Any CPU
		{5B6C0737-215E-3D63-BCF4-224F47D7887D}.Analyze|Any CPU.ActiveCfg = Analyze|Any CPU
		{5B6C0737-215E-3D63-BCF4-224F47D7887D}.Analyze|Any CPU.Build.0 = Analyze|Any CPU
		{5B6C0737-215E-3D63-BCF4-224F47D7887D}.Debug|Any CPU.ActiveCfg = Debug|Any CPU
		{5B6C0737-215E-3D63-BCF4-224F47D7887D}.Debug|Any CPU.Build.0 = Debug|Any CPU
		{5B6C0737-215E-3D63-BCF4-224F47D7887D}.Development|Any CPU.ActiveCfg = Development|Any CPU
		{5B6C0737-215E-3D63-BCF4-224F47D7887D}.Development|Any CPU.Build.0 = Development|Any CPU
		{5B6C0737-215E-3D63-BCF4-224F47D7887D}.Release|Any CPU.ActiveCfg = Release|Any CPU
		{5B6C0737-215E-3D63-BCF4-224F47D7887D}.Release|Any CPU.Build.0 = Release|Any CPU
		{CEAA2F7D-B232-3E96-A615-A5627C1CD670}.Analyze|Any CPU.ActiveCfg = Analyze|Any CPU
		{CEAA2F7D-B232-3E96-A615-A5627C1CD670}.Analyze|Any CPU.Build.0 = Analyze|Any CPU
		{CEAA2F7D-B232-3E96-A615-A5627C1CD670}.Debug|Any CPU.ActiveCfg = Debug|Any CPU
		{CEAA2F7D-B232-3E96-A615-A5627C1CD670}.Debug|Any CPU.Build.0 = Debug|Any CPU
		{CEAA2F7D-B232-3E96-A615-A5627C1CD670}.Development|Any CPU.ActiveCfg = Development|Any CPU
		{CEAA2F7D-B232-3E96-A615-A5627C1CD670}.Development|Any CPU.Build.0 = Development|Any CPU
		{CEAA2F7D-B232-3E96-A615-A5627C1CD670}.Release|Any CPU.ActiveCfg = Release|Any CPU
		{CEAA2F7D-B232-3E96-A615-A5627C1CD670}.Release|Any CPU.Build.0 = Release|Any CPU
		{F0A4A091-762F-3749-94D9-18F76091F8CF}.Analyze|Any CPU.ActiveCfg = Analyze|Any CPU
		{F0A4A091-762F-3749-94D9-18F76091F8CF}.Analyze|Any CPU.Build.0 = Analyze|Any CPU
		{F0A4A091-762F-3749-94D9-18F76091F8CF}.Debug|Any CPU.ActiveCfg = Debug|Any CPU
		{F0A4A091-762F-3749-94D9-18F76091F8CF}.Debug|Any CPU.Build.0 = Debug|Any CPU
		{F0A4A091-762F-3749-94D9-18F76091F8CF}.Development|Any CPU.ActiveCfg = Development|Any CPU
		{F0A4A091-762F-3749-94D9-18F76091F8CF}.Development|Any CPU.Build.0 = Development|Any CPU
		{F0A4A091-762F-3749-94D9-18F76091F8CF}.Release|Any CPU.ActiveCfg = Release|Any CPU
		{F0A4A091-762F-3749-94D9-18F76091F8CF}.Release|Any CPU.Build.0 = Release|Any CPU
		{D3C2FF8A-4DFA-3133-8F64-378B50BFC052}.Analyze|Any CPU.ActiveCfg = Analyze|Any CPU
		{D3C2FF8A-4DFA-3133-8F64-378B50BFC052}.Analyze|Any CPU.Build.0 = Analyze|Any CPU
		{D3C2FF8A-4DFA-3133-8F64-378B50BFC052}.Debug|Any CPU.ActiveCfg = Debug|Any CPU
		{D3C2FF8A-4DFA-3133-8F64-378B50BFC052}.Debug|Any CPU.Build.0 = Debug|Any CPU
		{D3C2FF8A-4DFA-3133-8F64-378B50BFC052}.Development|Any CPU.ActiveCfg = Development|Any CPU
		{D3C2FF8A-4DFA-3133-8F64-378B50BFC052}.Development|Any CPU.Build.0 = Development|Any CPU
		{D3C2FF8A-4DFA-3133-8F64-378B50BFC052}.Release|Any CPU.ActiveCfg = Release|Any CPU
		{D3C2FF8A-4DFA-3133-8F64-378B50BFC052}.Release|Any CPU.Build.0 = Release|Any CPU
		{B6D12495-4A43-3E0C-91F2-37665A5E1C0D}.Analyze|Any CPU.ActiveCfg = Analyze|Any CPU
		{B6D12495-4A43-3E0C-91F2-37665A5E1C0D}.Analyze|Any CPU.Build.0 = Analyze|Any CPU
		{B6D12495-4A43-3E0C-91F2-37665A5E1C0D}.Debug|Any CPU.ActiveCfg = Debug|Any CPU
		{B6D12495-4A43-3E0C-91F2-37665A5E1C0D}.Debug|Any CPU.Build.0 = Debug|Any CPU
		{B6D12495-4A43-3E0C-91F2-37665A5E1C0D}.Development|Any CPU.ActiveCfg = Development|Any CPU
		{B6D12495-4A43-3E0C-91F2-37665A5E1C0D}.Development|Any CPU.Build.0 = Development|Any CPU
		{B6D12495-4A43-3E0C-91F2-37665A5E1C0D}.Release|Any CPU.ActiveCfg = Release|Any CPU
		{B6D12495-4A43-3E0C-91F2-37665A5E1C0D}.Release|Any CPU.Build.0 = Release|Any CPU
	EndGlobalSection
	GlobalSection(SolutionProperties) = preSolution
		HideSolutionNode = FALSE
	EndGlobalSection
	GlobalSection(NestedProjects) = preSolution
		{FECA33C3-9D44-3B67-B684-AFA7ECEF6DCD} = {58A72724-8CB8-3260-8ADB-0161BCAC3D64}
		{93479FD4-CAAC-321C-BEC8-3876090C10BE} = {58A72724-8CB8-3260-8ADB-0161BCAC3D64}
		{C3B63B7C-DCD0-3253-B064-B8A5D989276F} = {58A72724-8CB8-3260-8ADB-0161BCAC3D64}
		{1AD55D5E-5B65-3077-88FD-4F0DCDEB9B4E} = {58A72724-8CB8-3260-8ADB-0161BCAC3D64}
		{5A6861FB-1B1B-3D34-B844-BE85A6C683D1} = {58A72724-8CB8-3260-8ADB-0161BCAC3D64}
		{C5F22BB4-4E80-34FE-9B53-FD78D0D09FFD} = {58A72724-8CB8-3260-8ADB-0161BCAC3D64}
		{AAACE074-35B6-3907-903A-D9D1276BF31F} = {58A72724-8CB8-3260-8ADB-0161BCAC3D64}
		{15017379-69A7-3EF1-9500-16360E0A5A14} = {58A72724-8CB8-3260-8ADB-0161BCAC3D64}
		{14274759-2944-3193-A4F7-055100EF0200} = {58A72724-8CB8-3260-8ADB-0161BCAC3D64}
		{8E434EDA-C7E3-3002-A0D2-2DC4C1151D4F} = {58A72724-8CB8-3260-8ADB-0161BCAC3D64}
		{820450BA-849A-39E8-86C7-69AA088D7C10} = {58A72724-8CB8-3260-8ADB-0161BCAC3D64}
		{C44FD4D0-A44F-3719-9384-76CA4E25D86A} = {58A72724-8CB8-3260-8ADB-0161BCAC3D64}
		{B90EDF45-BC69-3E79-B858-D10F7D275C12} = {58A72724-8CB8-3260-8ADB-0161BCAC3D64}
		{4799D260-743C-331F-8723-DA57BCDEC5FF} = {58A72724-8CB8-3260-8ADB-0161BCAC3D64}
		{ED4259C7-63AB-3BEB-B658-B541ADD240F3} = {58A72724-8CB8-3260-8ADB-0161BCAC3D64}
		{F223D6A4-B154-34F2-9B34-88C3296C0150} = {58A72724-8CB8-3260-8ADB-0161BCAC3D64}
		{E0F2F0F7-DCE9-38E4-82B5-C84DC7C3FA6E} = {58A72724-8CB8-3260-8ADB-0161BCAC3D64}
		{DCD32A5C-CC52-3949-A9DD-CFF4EFEEFAA7} = {58A72724-8CB8-3260-8ADB-0161BCAC3D64}
		{B4B3C7DA-3F8B-3252-BA6C-9DD1D47B69A6} = {63F96FAF-71A6-3DD6-AF0D-64B1504528FF}
		{F541AF09-67C7-3F4B-A958-24FC90E4C35A} = {63F96FAF-71A6-3DD6-AF0D-64B1504528FF}
		{62CFB218-3015-3DEE-9DE2-7B936DDA5AF5} = {63F96FAF-71A6-3DD6-AF0D-64B1504528FF}
		{45441BCA-220E-3609-908A-238179513A54} = {63F96FAF-71A6-3DD6-AF0D-64B1504528FF}
		{5B6C0737-215E-3D63-BCF4-224F47D7887D} = {63F96FAF-71A6-3DD6-AF0D-64B1504528FF}
		{CEAA2F7D-B232-3E96-A615-A5627C1CD670} = {63F96FAF-71A6-3DD6-AF0D-64B1504528FF}
		{F0A4A091-762F-3749-94D9-18F76091F8CF} = {63F96FAF-71A6-3DD6-AF0D-64B1504528FF}
		{D3C2FF8A-4DFA-3133-8F64-378B50BFC052} = {63F96FAF-71A6-3DD6-AF0D-64B1504528FF}
		{B6D12495-4A43-3E0C-91F2-37665A5E1C0D} = {63F96FAF-71A6-3DD6-AF0D-64B1504528FF}
	EndGlobalSection
EndGlobal
